
Microsoft Visual Studio Solution File, Format Version 12.00
# Visual Studio Version 17
VisualStudioVersion = 17.1.32228.430
MinimumVisualStudioVersion = 10.0.40219.1
Project("{FAE04EC0-301F-11D3-BF4B-00C04F79EFBC}") = "DBOTWCrypt", "DBOTWCrypt\DBOTWCrypt.csproj", "{04FFFD56-4801-48EB-86E1-C4A676B5D5C0}"
EndProject
Project("{FAE04EC0-301F-11D3-BF4B-00C04F79EFBC}") = "DarkUI", "DarkUI\DarkUI.csproj", "{F19472F5-8C44-4C51-A8A0-B9DE5F555255}"
EndProject
Global
	GlobalSection(SolutionConfigurationPlatforms) = preSolution
		Debug|Any CPU = Debug|Any CPU
		Release|Any CPU = Release|Any CPU
	EndGlobalSection
	GlobalSection(ProjectConfigurationPlatforms) = postSolution
		{04FFFD56-4801-48EB-86E1-C4A676B5D5C0}.Debug|Any CPU.ActiveCfg = Debug|Any CPU
		{04FFFD56-4801-48EB-86E1-C4A676B5D5C0}.Debug|Any CPU.Build.0 = Debug|Any CPU
		{04FFFD56-4801-48EB-86E1-C4A676B5D5C0}.Release|Any CPU.ActiveCfg = Release|Any CPU
		{04FFFD56-4801-48EB-86E1-C4A676B5D5C0}.Release|Any CPU.Build.0 = Release|Any CPU
		{F19472F5-8C44-4C51-A8A0-B9DE5F555255}.Debug|Any CPU.ActiveCfg = Debug|Any CPU
		{F19472F5-8C44-4C51-A8A0-B9DE5F555255}.Debug|Any CPU.Build.0 = Debug|Any CPU
		{F19472F5-8C44-4C51-A8A0-B9DE5F555255}.Release|Any CPU.ActiveCfg = Release|Any CPU
		{F19472F5-8C44-4C51-A8A0-B9DE5F555255}.Release|Any CPU.Build.0 = Release|Any CPU
	EndGlobalSection
	GlobalSection(SolutionProperties) = preSolution
		HideSolutionNode = FALSE
	EndGlobalSection
	GlobalSection(ExtensibilityGlobals) = postSolution
		SolutionGuid = {642A3252-4476-47CD-A7BA-B496B5286D3D}
	EndGlobalSection
EndGlobal
